
Microsoft Visual Studio Solution File, Format Version 12.00
# Visual Studio Version 17
VisualStudioVersion = 17.12.35728.132
MinimumVisualStudioVersion = 10.0.40219.1
Project("{FAE04EC0-301F-11D3-BF4B-00C04F79EFBC}") = "AutoSplitterCore", "AutoSplitterCore.csproj", "{33A7C9F6-4FDB-419D-B7E6-68A5BC4D4091}"
EndProject
Project("{FAE04EC0-301F-11D3-BF4B-00C04F79EFBC}") = "AutoSplitterCore_HCMv2", "AutoSplitterCore_HCMv2.csproj", "{535A2579-7503-4576-AD92-F6887C3D620A}"
	ProjectSection(ProjectDependencies) = postProject
		{33A7C9F6-4FDB-419D-B7E6-68A5BC4D4091} = {33A7C9F6-4FDB-419D-B7E6-68A5BC4D4091}
	EndProjectSection
EndProject
Project("{FAE04EC0-301F-11D3-BF4B-00C04F79EFBC}") = "ASLBridge", "ASLBridge\ASLBridge.csproj", "{7F05285E-E796-4578-A9D0-94299D972640}"
EndProject
Global
	GlobalSection(SolutionConfigurationPlatforms) = preSolution
		Debug|Any CPU = Debug|Any CPU
		Release|Any CPU = Release|Any CPU
	EndGlobalSection
	GlobalSection(ProjectConfigurationPlatforms) = postSolution
		{33A7C9F6-4FDB-419D-B7E6-68A5BC4D4091}.Debug|Any CPU.ActiveCfg = Debug|Any CPU
		{33A7C9F6-4FDB-419D-B7E6-68A5BC4D4091}.Debug|Any CPU.Build.0 = Debug|Any CPU
		{33A7C9F6-4FDB-419D-B7E6-68A5BC4D4091}.Release|Any CPU.ActiveCfg = Release|Any CPU
		{33A7C9F6-4FDB-419D-B7E6-68A5BC4D4091}.Release|Any CPU.Build.0 = Release|Any CPU
		{535A2579-7503-4576-AD92-F6887C3D620A}.Debug|Any CPU.ActiveCfg = Debug|Any CPU
		{535A2579-7503-4576-AD92-F6887C3D620A}.Release|Any CPU.ActiveCfg = Release|Any CPU
		{535A2579-7503-4576-AD92-F6887C3D620A}.Release|Any CPU.Build.0 = Release|Any CPU
		{7F05285E-E796-4578-A9D0-94299D972640}.Debug|Any CPU.ActiveCfg = Debug|Any CPU
		{7F05285E-E796-4578-A9D0-94299D972640}.Debug|Any CPU.Build.0 = Debug|Any CPU
		{7F05285E-E796-4578-A9D0-94299D972640}.Release|Any CPU.ActiveCfg = Release|Any CPU
		{7F05285E-E796-4578-A9D0-94299D972640}.Release|Any CPU.Build.0 = Release|Any CPU
	EndGlobalSection
	GlobalSection(SolutionProperties) = preSolution
		HideSolutionNode = FALSE
	EndGlobalSection
EndGlobal
