{
  "version": 1,
  "dependencies": {
    ".NETFramework,Version=v4.8.1": {
      "Google.Api.CommonProtos": {
        "type": "Direct",
        "requested": "[2.16.0, )",
        "resolved": "2.16.0",
        "contentHash": "37MuZrE9AAqHAdYgFLoTHydAiXDRriQZGVKEg6fr6ASnrY5GtauYXnQrGk5x2K3NmYzEXe+wkpaPVmxjb3NKjg==",
        "dependencies": {
          "Google.Protobuf": "[3.28.2, 4.0.0)"
        }
      },
      "Google.Api.Gax.Grpc": {
        "type": "Direct",
        "requested": "[4.9.0, )",
        "resolved": "4.9.0",
        "contentHash": "ToCx/0cs+wJ9j7vzKRcPAKneJVZrz/s9JhW9QsFx1dar9WzTxawQZ8xTjyieSy8tY0UiYCL1qYkn/iRrklYnSA==",
        "dependencies": {
          "Google.Api.CommonProtos": "2.16.0",
          "Google.Api.Gax": "4.9.0",
          "Google.Apis.Auth": "1.68.0",
          "Grpc.Auth": "2.66.0",
          "Grpc.Core.Api": "2.66.0",
          "Grpc.Net.Client": "2.66.0",
          "Microsoft.Extensions.DependencyInjection.Abstractions": "6.0.0"
        }
      },
      "Google.Apis": {
        "type": "Direct",
        "requested": "[1.68.0, )",
        "resolved": "1.68.0",
        "contentHash": "s2MymhdpH+ybZNBeZ2J5uFgFHApBp+QXf9FjZSdM1lk/vx5VqIknJwnaWiuAzXxPrLEkesX0Q+UsiWn39yZ9zw==",
        "dependencies": {
          "Google.Apis.Core": "1.68.0"
        }
      },
      "Google.Apis.Auth": {
        "type": "Direct",
        "requested": "[1.68.0, )",
        "resolved": "1.68.0",
        "contentHash": "hFx8Qz5bZ4w0hpnn4tSmZaaFpjAMsgVElZ+ZgVLUZ2r9i+AKcoVgwiNfv1pruNS5cCvpXqhKECbruBCfRezPHA==",
        "dependencies": {
          "Google.Apis": "1.68.0",
          "Google.Apis.Core": "1.68.0",
          "System.Management": "7.0.2"
        }
      },
      "Google.Apis.Core": {
        "type": "Direct",
        "requested": "[1.68.0, )",
        "resolved": "1.68.0",
        "contentHash": "pAqwa6pfu53UXCR2b7A/PAPXeuVg6L1OFw38WckN27NU2+mf+KTjoEg2YGv/f0UyKxzz7DxF1urOTKg/6dTP9g==",
        "dependencies": {
          "Newtonsoft.Json": "13.0.3"
        }
      },
      "Google.Apis.Drive.v3": {
        "type": "Direct",
        "requested": "[1.68.0.3627, )",
        "resolved": "1.68.0.3627",
        "contentHash": "i5nTOSm+Bv6UjU7Gu97JT5Tc0iaqPPf9EzY+ArnoNpabMxB9W3NC2CdPHBi67QYIrxYaZQ5m99PBuOyiVp+MnQ==",
        "dependencies": {
          "Google.Apis": "1.68.0",
          "Google.Apis.Auth": "1.68.0"
        }
      },
      "Google.Apis.Oauth2.v2": {
        "type": "Direct",
        "requested": "[1.68.0.1869, )",
        "resolved": "1.68.0.1869",
        "contentHash": "6gf5dpi6d+sezfRwqEfA9lDfP7OT5ZrQFgiO1r2jDS8rkMpxaS6/mpTsyW/EgcXr8R4NEHIbAN4FvZClRq0+Zg==",
        "dependencies": {
          "Google.Apis": "1.68.0",
          "Google.Apis.Auth": "1.68.0"
        }
      },
      "Google.Cloud.Firestore": {
        "type": "Direct",
        "requested": "[3.9.0, )",
        "resolved": "3.9.0",
        "contentHash": "cr8KVE8qDpJrh4/EFoL7L2mGvQHTbeFQSebpe15CwXSVkYIPXhL8h/YDRrO926ow6NVmDmFXfgUXRDVqbchrYw==",
        "dependencies": {
          "Google.Cloud.Firestore.V1": "3.9.0",
          "Grpc.Core": "[2.46.6, 3.0.0)",
          "System.Collections.Immutable": "6.0.0",
          "System.Linq.Async": "6.0.1"
        }
      },
      "Google.Protobuf": {
        "type": "Direct",
        "requested": "[3.28.2, )",
        "resolved": "3.28.2",
        "contentHash": "Z86ZKAB+v1B/m0LTM+EVamvZlYw/g3VND3/Gs4M/+aDIxa2JE9YPKjDxTpf0gv2sh26hrve3eI03brxBmzn92g==",
        "dependencies": {
          "System.Memory": "4.5.3"
        }
      },
      "Grpc.Core": {
        "type": "Direct",
        "requested": "[2.46.6, )",
        "resolved": "2.46.6",
        "contentHash": "ZoRg3KmOJ2urTF4+u3H0b1Yv10xzz2Y/flFWS2tnRmj8dbKLeiJaSRqu4LOBD3ova90evqLkVZ85kUkC4JT4lw==",
        "dependencies": {
          "Grpc.Core.Api": "2.46.6",
          "System.Memory": "4.5.3"
        }
      },
      "Irony": {
        "type": "Direct",
        "requested": "[1.1.0, )",
        "resolved": "1.1.0",
        "contentHash": "+xDcxwKcrEDZTcMqWNJomuVBjWDFu1nCLLt+NPpjudZNC/Nk3zgimZlHTpkg2wHRgq1HhQuyqGyriqhMzjX1xw=="
      },
      "MimeTypes": {
        "type": "Direct",
        "requested": "[2.5.2, )",
        "resolved": "2.5.2",
        "contentHash": "vm4xrNt+i6OVRQ8vhfCcmDIUg3qvjyCTkSTNVTDFohsG6CXEpMaVFkidECL6yRYpHDnz4TqXhDoEQAcnHCu/tw=="
      },
      "Newtonsoft.Json": {
        "type": "Direct",
        "requested": "[13.0.3, )",
        "resolved": "13.0.3",
        "contentHash": "HrC5BXdl00IP9zeV+0Z848QWPAoCr9P3bDEZguI+gkLcBKAOxix/tLEAAHC+UvDNPv4a2d18lOReHMOagPa+zQ=="
      },
      "ReaLTaiizor": {
        "type": "Direct",
        "requested": "[3.8.1.1, )",
        "resolved": "3.8.1.1",
        "contentHash": "AiqhC/i5ySAbMICg93u8TtobxEtHGLi0VOzIZdKcxNd3eVEqmlbxT+sRHfoeNsMGKIN3guPAVKffn7I5o6s5Qg=="
      },
      "System.CodeDom": {
        "type": "Direct",
        "requested": "[9.0.2, )",
        "resolved": "9.0.2",
        "contentHash": "VnlzS7afE8LaXXwKdHOe2D6FcDekqThzU1E67CONV7gp71q3zposqcSeXH+PxARMXC5j31efwXrxP8VGvD70Ug=="
      },
      "System.Memory": {
        "type": "Direct",
        "requested": "[4.5.4, )",
        "resolved": "4.5.4",
        "contentHash": "1MbJTHS1lZ4bS4FmsJjnuGJOu88ZzTT2rLvrhW7Ygic+pC0NWA+3hgAen0HRdsocuQXCkUTdFn9yHJJhsijDXw==",
        "dependencies": {
          "System.Buffers": "4.5.1",
          "System.Numerics.Vectors": "4.5.0",
          "System.Runtime.CompilerServices.Unsafe": "4.5.3"
        }
      },
      "System.Reflection": {
        "type": "Direct",
        "requested": "[4.3.0, )",
        "resolved": "4.3.0",
        "contentHash": "KMiAFoW7MfJGa9nDFNcfu+FpEdiHpWgTcS2HdMpDvt9saK3y/G4GwprPyzqjFH9NTaGPQeWNHU+iDlDILj96aQ=="
      },
      "System.Runtime.CompilerServices.Unsafe": {
        "type": "Direct",
        "requested": "[4.5.3, )",
        "resolved": "4.5.3",
        "contentHash": "3TIsJhD1EiiT0w2CcDMN/iSSwnNnsrnbzeVHSKkaEgV85txMprmuO+Yq2AdSbeVGcg28pdNDTPK87tJhX7VFHw=="
      },
      "Google.Api.Gax": {
        "type": "Transitive",
        "resolved": "4.9.0",
        "contentHash": "fjHHYcQ99u0ztqwT537rvVtJMdDy6G2VHBZ+F1cBjDGYNVZfrpk40DMQ/OpUGToT9ZGHVirhh3eJ73bw2ANVPQ==",
        "dependencies": {
          "Microsoft.Bcl.AsyncInterfaces": "6.0.0",
          "Newtonsoft.Json": "13.0.3",
          "System.Diagnostics.DiagnosticSource": "6.0.1",
          "System.ValueTuple": "4.5.0"
        }
      },
      "Google.Cloud.Firestore.V1": {
        "type": "Transitive",
        "resolved": "3.9.0",
        "contentHash": "17y6eodKKWI1nIePo0hpXTJZ9wCPxbFYn6pK+P2KNf/LxljrRWVSLjKjWZreHJLaWC5g+CNkoMNVwByBO1qAiQ==",
        "dependencies": {
          "Google.Api.Gax.Grpc": "[4.9.0, 5.0.0)",
          "Google.Cloud.Location": "[2.3.0, 3.0.0)",
          "Google.LongRunning": "[3.3.0, 4.0.0)",
          "Grpc.Core": "[2.46.6, 3.0.0)"
        }
      },
      "Google.Cloud.Location": {
        "type": "Transitive",
        "resolved": "2.3.0",
        "contentHash": "ABQ4EM7FsOM7tx0cmlkZmHFqH1LeCf4teWPM26UT7mZJzlH4Pk8HUcyi/xEFe3l6LanNFCTHbKT+eOlQ/axkJg==",
        "dependencies": {
          "Google.Api.Gax.Grpc": "[4.8.0, 5.0.0)",
          "Grpc.Core": "[2.46.6, 3.0.0)"
        }
      },
      "Google.LongRunning": {
        "type": "Transitive",
        "resolved": "3.3.0",
        "contentHash": "F2SZ83Jo466Wj/s1Z7QhIAmWBXxJZQyXZpcx0P8BR7d6s0FAj67vQjeUPESSJcvsy8AqYiYBhkUr2YpZhTQeHg==",
        "dependencies": {
          "Google.Api.Gax.Grpc": "[4.8.0, 5.0.0)",
          "Grpc.Core": "[2.46.6, 3.0.0)"
        }
      },
      "Grpc.Auth": {
        "type": "Transitive",
        "resolved": "2.66.0",
        "contentHash": "FRQlhMAcHf0GjAXIfhN6RydfZncLLXNNTOtpLL1bt57kp59vu40faW+dr6Vwl7ef/IUFfF38aiB5jvhAA/9Aow==",
        "dependencies": {
          "Google.Apis.Auth": "1.68.0",
          "Grpc.Core.Api": "2.66.0"
        }
      },
      "Grpc.Core.Api": {
        "type": "Transitive",
        "resolved": "2.66.0",
        "contentHash": "HsjsQVAHe4hqP4t4rpUnmq+MZvPdyrlPsWF4T5fbMvyP3o/lMV+KVJfDlaNH8+v0aGQTVT3EsDFufbhaWb52cw==",
        "dependencies": {
          "System.Memory": "4.5.3"
        }
      },
      "Grpc.Net.Client": {
        "type": "Transitive",
        "resolved": "2.66.0",
        "contentHash": "GwkSsssXFgN9+M2U+UQWdErf61sn1iqgP+2NRBlDXATcP9vlxda0wySxd/eIL8U522+SnyFNUXlvQ5tAzGk9cA==",
        "dependencies": {
          "Grpc.Net.Common": "2.66.0",
          "Microsoft.Extensions.Logging.Abstractions": "6.0.0",
          "System.Diagnostics.DiagnosticSource": "6.0.1",
          "System.Net.Http.WinHttpHandler": "8.0.0"
        }
      },
      "Grpc.Net.Common": {
        "type": "Transitive",
        "resolved": "2.66.0",
        "contentHash": "YJpQpIvpo0HKlsG6SHwaieyji08qfv0DdEDIewCAA0egQY08637sHOj1netLGUhzBEsCqlGC3e92TZ2uqhxnvw==",
        "dependencies": {
          "Grpc.Core.Api": "2.66.0",
          "Microsoft.Bcl.AsyncInterfaces": "6.0.0"
        }
      },
      "Microsoft.Bcl.AsyncInterfaces": {
        "type": "Transitive",
        "resolved": "6.0.0",
        "contentHash": "UcSjPsst+DfAdJGVDsu346FX0ci0ah+lw3WRtn18NUwEqRt70HaOQ7lI72vy3+1LxtqI3T5GWwV39rQSrCzAeg==",
        "dependencies": {
          "System.Threading.Tasks.Extensions": "4.5.4"
        }
      },
      "Microsoft.Extensions.DependencyInjection.Abstractions": {
        "type": "Transitive",
        "resolved": "6.0.0",
        "contentHash": "xlzi2IYREJH3/m6+lUrQlujzX8wDitm4QGnUu6kUXTQAWPuZY8i+ticFJbzfqaetLA6KR/rO6Ew/HuYD+bxifg==",
        "dependencies": {
          "Microsoft.Bcl.AsyncInterfaces": "6.0.0",
          "System.Threading.Tasks.Extensions": "4.5.4"
        }
      },
      "Microsoft.Extensions.Logging.Abstractions": {
        "type": "Transitive",
        "resolved": "6.0.0",
        "contentHash": "/HggWBbTwy8TgebGSX5DBZ24ndhzi93sHUBDvP1IxbZD7FDokYzdAr6+vbWGjw2XAfR2EJ1sfKUotpjHnFWPxA==",
        "dependencies": {
          "System.Buffers": "4.5.1",
          "System.Memory": "4.5.4"
        }
      },
      "System.Buffers": {
        "type": "Transitive",
        "resolved": "4.5.1",
        "contentHash": "Rw7ijyl1qqRS0YQD/WycNst8hUUMgrMH4FCn1nNm27M4VxchZ1js3fVjQaANHO5f3sN4isvP4a+Met9Y4YomAg=="
      },
      "System.Collections.Immutable": {
        "type": "Transitive",
        "resolved": "6.0.0",
        "contentHash": "l4zZJ1WU2hqpQQHXz1rvC3etVZN+2DLmQMO79FhOTZHMn8tDRr+WU287sbomD0BETlmKDn0ygUgVy9k5xkkJdA==",
        "dependencies": {
          "System.Memory": "4.5.4",
          "System.Runtime.CompilerServices.Unsafe": "6.0.0"
        }
      },
      "System.Diagnostics.DiagnosticSource": {
        "type": "Transitive",
        "resolved": "6.0.1",
        "contentHash": "KiLYDu2k2J82Q9BJpWiuQqCkFjRBWVq4jDzKKWawVi9KWzyD0XG3cmfX0vqTQlL14Wi9EufJrbL0+KCLTbqWiQ==",
        "dependencies": {
          "System.Memory": "4.5.4",
          "System.Runtime.CompilerServices.Unsafe": "6.0.0"
        }
      },
      "System.Linq.Async": {
        "type": "Transitive",
        "resolved": "6.0.1",
        "contentHash": "0YhHcaroWpQ9UCot3Pizah7ryAzQhNvobLMSxeDIGmnXfkQn8u5owvpOH0K6EVB+z9L7u6Cc4W17Br/+jyttEQ==",
        "dependencies": {
          "Microsoft.Bcl.AsyncInterfaces": "6.0.0"
        }
      },
      "System.Management": {
        "type": "Transitive",
        "resolved": "7.0.2",
        "contentHash": "/qEUN91mP/MUQmJnM5y5BdT7ZoPuVrtxnFlbJ8a3kBJGhe2wCzBfnPFtK2wTtEEcf3DMGR9J00GZZfg6HRI6yA==",
        "dependencies": {
          "System.CodeDom": "7.0.0"
        }
      },
      "System.Net.Http.WinHttpHandler": {
        "type": "Transitive",
        "resolved": "8.0.0",
        "contentHash": "dAtcyQzDpi34VdR1BeEV8yCOeXVEyekYYK6lJZIzG/N5aqEGgT6AB2DsbiidMp8cB6Y7DqqcmQFZaSGUdoubvQ==",
        "dependencies": {
          "System.Buffers": "4.5.1",
          "System.Memory": "4.5.5"
        }
      },
      "System.Numerics.Vectors": {
        "type": "Transitive",
        "resolved": "4.5.0",
        "contentHash": "QQTlPTl06J/iiDbJCiepZ4H//BVraReU4O4EoRw1U02H5TLUIT7xn3GnDp9AXPSlJUDyFs4uWjWafNX6WrAojQ=="
      },
      "System.Threading.Tasks.Extensions": {
        "type": "Transitive",
        "resolved": "4.5.4",
        "contentHash": "zteT+G8xuGu6mS+mzDzYXbzS7rd3K6Fjb9RiZlYlJPam2/hU7JCBZBVEcywNuR+oZ1ncTvc/cq0faRr3P01OVg==",
        "dependencies": {
          "System.Runtime.CompilerServices.Unsafe": "4.5.3"
        }
      },
      "System.ValueTuple": {
        "type": "Transitive",
        "resolved": "4.5.0",
        "contentHash": "okurQJO6NRE/apDIP23ajJ0hpiNmJ+f0BwOlB/cSqTLQlw5upkf+5+96+iG2Jw40G1fCVCyPz/FhIABUjMR+RQ=="
      }
    },
    ".NETFramework,Version=v4.8.1/win-x64": {
      "Grpc.Core": {
        "type": "Direct",
        "requested": "[2.46.6, )",
        "resolved": "2.46.6",
        "contentHash": "ZoRg3KmOJ2urTF4+u3H0b1Yv10xzz2Y/flFWS2tnRmj8dbKLeiJaSRqu4LOBD3ova90evqLkVZ85kUkC4JT4lw==",
        "dependencies": {
          "Grpc.Core.Api": "2.46.6",
          "System.Memory": "4.5.3"
        }
      }
    }
  }
}